
Microsoft Visual Studio Solution File, Format Version 12.00
# Visual Studio 15
VisualStudioVersion = 15.0.28010.2046
MinimumVisualStudioVersion = 10.0.40219.1
Project("{8BC9CEB8-8B4A-11D0-8D11-00A0C91BC942}") = "ThuVien", "ThuVien\ThuVien.vcxproj", "{DBC938A7-8B21-47B8-8824-7909329FAFAE}"
EndProject
Global
	GlobalSection(SolutionConfigurationPlatforms) = preSolution
		Debug|x64 = Debug|x64
		Debug|x86 = Debug|x86
		Release|x64 = Release|x64
		Release|x86 = Release|x86
	EndGlobalSection
	GlobalSection(ProjectConfigurationPlatforms) = postSolution
		{DBC938A7-8B21-47B8-8824-7909329FAFAE}.Debug|x64.ActiveCfg = Debug|x64
		{DBC938A7-8B21-47B8-8824-7909329FAFAE}.Debug|x64.Build.0 = Debug|x64
		{DBC938A7-8B21-47B8-8824-7909329FAFAE}.Debug|x86.ActiveCfg = Debug|Win32
		{DBC938A7-8B21-47B8-8824-7909329FAFAE}.Debug|x86.Build.0 = Debug|Win32
		{DBC938A7-8B21-47B8-8824-7909329FAFAE}.Release|x64.ActiveCfg = Release|x64
		{DBC938A7-8B21-47B8-8824-7909329FAFAE}.Release|x64.Build.0 = Release|x64
		{DBC938A7-8B21-47B8-8824-7909329FAFAE}.Release|x86.ActiveCfg = Release|Win32
		{DBC938A7-8B21-47B8-8824-7909329FAFAE}.Release|x86.Build.0 = Release|Win32
	EndGlobalSection
	GlobalSection(SolutionProperties) = preSolution
		HideSolutionNode = FALSE
	EndGlobalSection
	GlobalSection(ExtensibilityGlobals) = postSolution
		SolutionGuid = {E1B21EA1-6515-4B18-B4D1-887975ECE428}
	EndGlobalSection
EndGlobal
